# Generated by conda-lock.
# platform: linux-64
# input_hash: ac5d9eb492517a4d73d0b3a05ded2ec575b03bdcfaad90db204a2521a92c540f
@EXPLICIT
https://conda.anaconda.org/conda-forge/linux-64/_libgcc_mutex-0.1-conda_forge.tar.bz2#d7c89558ba9fa0495403155b64376d81
https://conda.anaconda.org/conda-forge/noarch/tzdata-2025b-h78e105d_0.conda#4222072737ccff51314b5ece9c7d6f5a
https://conda.anaconda.org/conda-forge/noarch/ca-certificates-2025.1.31-hbd8a1cb_1.conda#e74273d9fc5ab633d613cde474b55157
https://conda.anaconda.org/conda-forge/linux-64/ld_impl_linux-64-2.43-h712a8e2_4.conda#01f8d123c96816249efd255a31ad7712
https://conda.anaconda.org/conda-forge/linux-64/libgomp-14.2.0-h767d61c_2.conda#06d02030237f4d5b3d9a7e7d348fe3c6
https://conda.anaconda.org/conda-forge/linux-64/_openmp_mutex-4.5-2_gnu.tar.bz2#73aaf86a425cc6e73fcf236a5a46396d
https://conda.anaconda.org/conda-forge/linux-64/libgcc-14.2.0-h767d61c_2.conda#ef504d1acbd74b7cc6849ef8af47dd03
https://conda.anaconda.org/conda-forge/linux-64/libexpat-2.7.0-h5888daf_0.conda#db0bfbe7dd197b68ad5f30333bae6ce0
https://conda.anaconda.org/conda-forge/linux-64/libffi-3.4.6-h2dba641_1.conda#ede4673863426c0883c0063d853bbd85
https://conda.anaconda.org/conda-forge/linux-64/libgcc-ng-14.2.0-h69a702a_2.conda#a2222a6ada71fb478682efe483ce0f92
https://conda.anaconda.org/conda-forge/linux-64/liblzma-5.8.1-hb9d3cd8_0.conda#0e87378639676987af32fee53ba32258
https://conda.anaconda.org/conda-forge/linux-64/libzlib-1.3.1-hb9d3cd8_2.conda#edb0dca6bc32e4f4789199455a1dbeb8
https://conda.anaconda.org/conda-forge/linux-64/ncurses-6.5-h2d0b736_3.conda#47e340acb35de30501a76c7c799c41d7
https://conda.anaconda.org/conda-forge/linux-64/openssl-3.5.0-h7b32b05_0.conda#bb539841f2a3fde210f387d00ed4bb9d
https://conda.anaconda.org/conda-forge/linux-64/bzip2-1.0.8-h4bc722e_7.conda#62ee74e96c5ebb0af99386de58cf9553
https://conda.anaconda.org/conda-forge/linux-64/libnsl-2.0.1-hd590300_0.conda#30fd6e37fe21f86f4bd26d6ee73eeec7
https://conda.anaconda.org/conda-forge/linux-64/libsqlite-3.49.1-hee588c1_2.conda#962d6ac93c30b1dfc54c9cccafd1003e
https://conda.anaconda.org/conda-forge/linux-64/libuuid-2.38.1-h0b41bf4_0.conda#40b61aab5c7ba9ff276c41cfffe6b80b
https://conda.anaconda.org/conda-forge/linux-64/libxcrypt-4.4.36-hd590300_1.conda#5aa797f8787fe7a17d1b0821485b5adc
https://conda.anaconda.org/conda-forge/linux-64/readline-8.2-h8c095d6_2.conda#283b96675859b20a825f8fa30f311446
https://conda.anaconda.org/conda-forge/linux-64/tk-8.6.13-noxft_h4845f30_101.conda#d453b98d9c83e71da0741bb0ff4d76bc
https://conda.anaconda.org/conda-forge/linux-64/python-3.9.22-h85ef794_1_cpython.conda#b23565542b4974e9fe3e81bdfd8799c3
https://conda.anaconda.org/conda-forge/noarch/setuptools-79.0.1-pyhff2d567_0.conda#fa6669cc21abd4b7b6c5393b7bc71914
https://conda.anaconda.org/conda-forge/noarch/wheel-0.45.1-pyhd8ed1ab_1.conda#75cb7132eb58d97896e173ef12ac9986
https://conda.anaconda.org/conda-forge/noarch/pip-25.0.1-pyh8b19718_0.conda#79b5c1440aedc5010f687048d9103628
# pip aiohappyeyeballs @ https://files.pythonhosted.org/packages/0f/15/5bf3b99495fb160b63f95972b81750f18f7f4e02ad051373b669d17d44f2/aiohappyeyeballs-2.6.1-py3-none-any.whl#sha256=f349ba8f4b75cb25c99c5c2d84e997e485204d2902a9597802b0371f09331fb8
# pip async-timeout @ https://files.pythonhosted.org/packages/fe/ba/e2081de779ca30d473f21f5b30e0e737c438205440784c7dfc81efc2b029/async_timeout-5.0.1-py3-none-any.whl#sha256=39e3809566ff85354557ec2398b55e096c8364bacac9405a7a1fa429e77fe76c
# pip attrs @ https://files.pythonhosted.org/packages/77/06/bb80f5f86020c4551da315d78b3ab75e8228f89f0162f2c3a819e407941a/attrs-25.3.0-py3-none-any.whl#sha256=427318ce031701fea540783410126f03899a97ffc6f61596ad581ac2e40e3bc3
# pip certifi @ https://files.pythonhosted.org/packages/38/fc/bce832fd4fd99766c04d1ee0eead6b0ec6486fb100ae5e74c1d91292b982/certifi-2025.1.31-py3-none-any.whl#sha256=ca78db4565a652026a4db2bcdf68f2fb589ea80d0be70e03929ed730746b84fe
# pip charset-normalizer @ https://files.pythonhosted.org/packages/5a/6d/e2773862b043dcf8a221342954f375392bb2ce6487bcd9f2c1b34e1d6781/charset_normalizer-3.4.1-cp39-cp39-manylinux_2_17_x86_64.manylinux2014_x86_64.whl#sha256=0af291f4fe114be0280cdd29d533696a77b5b49cfde5467176ecab32353395c4
# pip exceptiongroup @ https://files.pythonhosted.org/packages/02/cc/b7e31358aac6ed1ef2bb790a9746ac2c69bcb3c8588b41616914eb106eaf/exceptiongroup-1.2.2-py3-none-any.whl#sha256=3111b9d131c238bec2f8f516e123e14ba243563fb135d3fe885990585aa7795b
# pip frozenlist @ https://files.pythonhosted.org/packages/62/9d/97b06744871c0d5d6e7a3873cfe9884d46d6792b630f99abc8526e908486/frozenlist-1.6.0-cp39-cp39-manylinux_2_5_x86_64.manylinux1_x86_64.manylinux_2_17_x86_64.manylinux2014_x86_64.whl#sha256=6ef8e7e8f2f3820c5f175d70fdd199b79e417acf6c72c5d0aa8f63c9f721646f
# pip h11 @ https://files.pythonhosted.org/packages/04/4b/29cac41a4d98d144bf5f6d33995617b185d14b22401f75ca86f384e87ff1/h11-0.16.0-py3-none-any.whl#sha256=63cf8bbe7522de3bf65932fda1d9c2772064ffb3dae62d55932da54b31cb6c86
# pip idna @ https://files.pythonhosted.org/packages/76/c6/c88e154df9c4e1a2a66ccf0005a88dfb2650c1dffb6f5ce603dfbd452ce3/idna-3.10-py3-none-any.whl#sha256=946d195a0d259cbba61165e88e65941f16e9b36ea6ddb97f00452bae8b1287d3
# pip propcache @ https://files.pythonhosted.org/packages/05/fc/cb52a0caf803caff9b95b0a99e7c9c87f15b7e34ba0feebfd2572b49013d/propcache-0.3.1-cp39-cp39-manylinux_2_17_x86_64.manylinux2014_x86_64.whl#sha256=82de5da8c8893056603ac2d6a89eb8b4df49abf1a7c19d536984c8dd63f481d5
# pip psutil @ https://files.pythonhosted.org/packages/bf/b9/b0eb3f3cbcb734d930fdf839431606844a825b23eaf9a6ab371edac8162c/psutil-7.0.0-cp36-abi3-manylinux_2_12_x86_64.manylinux2010_x86_64.manylinux_2_17_x86_64.manylinux2014_x86_64.whl#sha256=4b1388a4f6875d7e2aff5c4ca1cc16c545ed41dd8bb596cefea80111db353a34
# pip python-dotenv @ https://files.pythonhosted.org/packages/1e/18/98a99ad95133c6a6e2005fe89faedf294a748bd5dc803008059409ac9b1e/python_dotenv-1.1.0-py3-none-any.whl#sha256=d7c01d9e2293916c18baf562d95698754b0dbbb5e74d457c45d4f6561fb9d55d
# pip pytz @ https://files.pythonhosted.org/packages/81/c4/34e93fe5f5429d7570ec1fa436f1986fb1f00c3e0f43a589fe2bbcd22c3f/pytz-2025.2-py2.py3-none-any.whl#sha256=5ddf76296dd8c44c26eb8f4b6f35488f3ccbf6fbbd7adee0b7262d43f0ec2f00
# pip sniffio @ https://files.pythonhosted.org/packages/e9/44/75a9c9421471a6c4805dbf2356f7c181a29c1879239abab1ea2cc8f38b40/sniffio-1.3.1-py3-none-any.whl#sha256=2f6da418d1f1e0fddd844478f41680e794e6051915791a034ff65e5f100525a2
# pip tqdm @ https://files.pythonhosted.org/packages/d0/30/dc54f88dd4a2b5dc8a0279bdd7270e735851848b762aeb1c1184ed1f6b14/tqdm-4.67.1-py3-none-any.whl#sha256=26445eca388f82e72884e0d580d5464cd801a3ea01e63e5601bdff9ba6a48de2
# pip typing-extensions @ https://files.pythonhosted.org/packages/8b/54/b1ae86c0973cc6f0210b53d508ca3641fb6d0c56823f288d108bc7ab3cc8/typing_extensions-4.13.2-py3-none-any.whl#sha256=a439e7c04b49fec3e5d3e2beaa21755cadbbdc391694e28ccdd36ca4a1408f8c
# pip tzlocal @ https://files.pythonhosted.org/packages/c2/14/e2a54fabd4f08cd7af1c07030603c3356b74da07f7cc056e600436edfa17/tzlocal-5.3.1-py3-none-any.whl#sha256=eb1a66c3ef5847adf7a834f1be0800581b683b5608e74f86ecbcef8ab91bb85d
# pip urllib3 @ https://files.pythonhosted.org/packages/6b/11/cc635220681e93a0183390e26485430ca2c7b5f9d33b15c74c2861cb8091/urllib3-2.4.0-py3-none-any.whl#sha256=4e16665048960a0900c702d4a66415956a584919c03361cac9f1df5c5dd7e813
# pip aiosignal @ https://files.pythonhosted.org/packages/ec/6a/bc7e17a3e87a2985d3e8f4da4cd0f481060eb78fb08596c42be62c90a4d9/aiosignal-1.3.2-py2.py3-none-any.whl#sha256=45cde58e409a301715980c2b01d0c28bdde3770d8290b5eb2173759d9acb31a5
# pip anyio @ https://files.pythonhosted.org/packages/a1/ee/48ca1a7c89ffec8b6a0c5d02b89c305671d5ffd8d3c94acf8b8c408575bb/anyio-4.9.0-py3-none-any.whl#sha256=9f76d541cad6e36af7beb62e978876f3b41e3e04f2c1fbf0884604c0a9c4d93c
# pip apscheduler @ https://files.pythonhosted.org/packages/d0/ae/9a053dd9229c0fde6b1f1f33f609ccff1ee79ddda364c756a924c6d8563b/APScheduler-3.11.0-py3-none-any.whl#sha256=fc134ca32e50f5eadcc4938e3a4545ab19131435e851abb40b34d63d5141c6da
# pip httpcore @ https://files.pythonhosted.org/packages/7e/f5/f66802a942d491edb555dd61e3a9961140fd64c90bce1eafd741609d334d/httpcore-1.0.9-py3-none-any.whl#sha256=2d400746a40668fc9dec9810239072b40b4484b640a8c38fd654a024c7a1bf55
# pip multidict @ https://files.pythonhosted.org/packages/7a/f9/b50679179dd909ba28ce49dca551b40a8349aaed64beececd8ab64589b65/multidict-6.4.3-cp39-cp39-manylinux_2_17_x86_64.manylinux2014_x86_64.whl#sha256=fb6214fe1750adc2a1b801a199d64b5a67671bf76ebf24c730b157846d0e90d2
# pip requests @ https://files.pythonhosted.org/packages/f9/9b/335f9764261e915ed497fcdeb11df5dfd6f7bf257d4a6a2a686d80da4d54/requests-2.32.3-py3-none-any.whl#sha256=70761cfe03c773ceb22aa2f671b4757976145175cdfca038c02654d061d6dcc6
# pip httpx @ https://files.pythonhosted.org/packages/2a/39/e50c7c3a983047577ee07d2a9e53faf5a69493943ec3f6a384bdc792deb2/httpx-0.28.1-py3-none-any.whl#sha256=d909fcccc110f8c7faf814ca82a9a4d816bc5a6dbfea25d6591d6985b8ba59ad
# pip yarl @ https://files.pythonhosted.org/packages/e8/7c/2fc733090c6fce82ea5c50f431e70f5dff196d7b54da93b9d6e801031dd2/yarl-1.20.0-cp39-cp39-manylinux_2_17_x86_64.manylinux2014_x86_64.whl#sha256=3b4e88d6c3c8672f45a30867817e4537df1bbc6f882a91581faf1f6d9f0f1b5a
# pip aiohttp @ https://files.pythonhosted.org/packages/5d/04/83179727a2ff485da1121d22817830173934b4f5c62cc16fccdd962a30ec/aiohttp-3.11.18-cp39-cp39-manylinux_2_17_x86_64.manylinux2014_x86_64.whl#sha256=5199be2a2f01ffdfa8c3a6f5981205242986b9e63eb8ae03fd18f736e4840721
# pip python-telegram-bot @ https://files.pythonhosted.org/packages/15/9f/b8c116f606074c19ec2600a7edc222f158c307ca949de568d67fe2b9d364/python_telegram_bot-22.0-py3-none-any.whl#sha256=23237f778655e634f08cfebbada96ed3692c2bdd3c20c122e90a6d606d6a4516
# pip openai @ https://files.pythonhosted.org/packages/1e/9f/385c25502f437686e4aa715969e5eaf5c2cb5e5ffa7c5cdd52f3c6ae967a/openai-0.28.1-py3-none-any.whl#sha256=d18690f9e3d31eedb66b57b88c2165d760b24ea0a01f150dd3f068155088ce68
